
Microsoft Visual Studio Solution File, Format Version 12.00
# Visual Studio 15
VisualStudioVersion = 15.0.28307.168
MinimumVisualStudioVersion = 10.0.40219.1
Project("{FAE04EC0-301F-11D3-BF4B-00C04F79EFBC}") = "CoreFileSystem", "CoreFileSystem\CoreFileSystem.csproj", "{5AC0E91C-B760-425D-90CD-3682DDD35106}"
EndProject
Global
	GlobalSection(SolutionConfigurationPlatforms) = preSolution
		Debug|Any CPU = Debug|Any CPU
		Release|Any CPU = Release|Any CPU
	EndGlobalSection
	GlobalSection(ProjectConfigurationPlatforms) = postSolution
		{5AC0E91C-B760-425D-90CD-3682DDD35106}.Debug|Any CPU.ActiveCfg = Debug|Any CPU
		{5AC0E91C-B760-425D-90CD-3682DDD35106}.Debug|Any CPU.Build.0 = Debug|Any CPU
		{5AC0E91C-B760-425D-90CD-3682DDD35106}.Release|Any CPU.ActiveCfg = Release|Any CPU
		{5AC0E91C-B760-425D-90CD-3682DDD35106}.Release|Any CPU.Build.0 = Release|Any CPU
	EndGlobalSection
	GlobalSection(SolutionProperties) = preSolution
		HideSolutionNode = FALSE
	EndGlobalSection
	GlobalSection(ExtensibilityGlobals) = postSolution
		SolutionGuid = {AD23BBFA-5C72-43BD-A1F1-AC958523EBF7}
	EndGlobalSection
EndGlobal
